<?xml version="1.0" encoding="UTF-8" standalone="yes" ?>
<CodeBlocks_project_file>
   <FileVersion major="1" minor="6" />
   <Project>
      <Option title="ExploreRuntime" />
      <Option makefile_is_custom="1" />
      <Option compiler="gcc" />
      <Option virtualFolders="CMake Files\;CMake Files\..\;CMake Files\..\..\;CMake Files\..\..\..\;CMake Files\..\..\..\hpx-build\;CMake Files\..\..\..\hpx-build\lib\;CMake Files\..\..\..\hpx-build\lib\cmake\;CMake Files\..\..\..\hpx-build\lib\cmake\HPX\;CMake Files\..\..\..\hpx\;CMake Files\..\..\..\hpx\cmake\;" />
      <Build>
      <Target title="all">
         <Option working_dir="/home/shoshijak/Documents/CSCS/learning/mycode/runtime" />
         <Option type="4" />
         <MakeCommands>
            <Build command="/usr/bin/make -f &quot;/home/shoshijak/Documents/CSCS/learning/mycode/runtime/Makefile&quot;  VERBOSE=1 all" />
            <CompileFile command="/usr/bin/make -f &quot;/home/shoshijak/Documents/CSCS/learning/mycode/runtime/Makefile&quot;  VERBOSE=1 &quot;$file&quot;" />
            <Clean command="/usr/bin/make -f &quot;/home/shoshijak/Documents/CSCS/learning/mycode/runtime/Makefile&quot;  VERBOSE=1 clean" />
            <DistClean command="/usr/bin/make -f &quot;/home/shoshijak/Documents/CSCS/learning/mycode/runtime/Makefile&quot;  VERBOSE=1 clean" />
         </MakeCommands>
      </Target>
      <Target title="rebuild_cache">
         <Option working_dir="/home/shoshijak/Documents/CSCS/learning/mycode/runtime" />
         <Option type="4" />
         <MakeCommands>
            <Build command="/usr/bin/make -f &quot;/home/shoshijak/Documents/CSCS/learning/mycode/runtime/Makefile&quot;  VERBOSE=1 rebuild_cache" />
            <CompileFile command="/usr/bin/make -f &quot;/home/shoshijak/Documents/CSCS/learning/mycode/runtime/Makefile&quot;  VERBOSE=1 &quot;$file&quot;" />
            <Clean command="/usr/bin/make -f &quot;/home/shoshijak/Documents/CSCS/learning/mycode/runtime/Makefile&quot;  VERBOSE=1 clean" />
            <DistClean command="/usr/bin/make -f &quot;/home/shoshijak/Documents/CSCS/learning/mycode/runtime/Makefile&quot;  VERBOSE=1 clean" />
         </MakeCommands>
      </Target>
      <Target title="install">
         <Option working_dir="/home/shoshijak/Documents/CSCS/learning/mycode/runtime" />
         <Option type="4" />
         <MakeCommands>
            <Build command="/usr/bin/make -f &quot;/home/shoshijak/Documents/CSCS/learning/mycode/runtime/Makefile&quot;  VERBOSE=1 install" />
            <CompileFile command="/usr/bin/make -f &quot;/home/shoshijak/Documents/CSCS/learning/mycode/runtime/Makefile&quot;  VERBOSE=1 &quot;$file&quot;" />
            <Clean command="/usr/bin/make -f &quot;/home/shoshijak/Documents/CSCS/learning/mycode/runtime/Makefile&quot;  VERBOSE=1 clean" />
            <DistClean command="/usr/bin/make -f &quot;/home/shoshijak/Documents/CSCS/learning/mycode/runtime/Makefile&quot;  VERBOSE=1 clean" />
         </MakeCommands>
      </Target>
      <Target title="list_install_components">
         <Option working_dir="/home/shoshijak/Documents/CSCS/learning/mycode/runtime" />
         <Option type="4" />
         <MakeCommands>
            <Build command="/usr/bin/make -f &quot;/home/shoshijak/Documents/CSCS/learning/mycode/runtime/Makefile&quot;  VERBOSE=1 list_install_components" />
            <CompileFile command="/usr/bin/make -f &quot;/home/shoshijak/Documents/CSCS/learning/mycode/runtime/Makefile&quot;  VERBOSE=1 &quot;$file&quot;" />
            <Clean command="/usr/bin/make -f &quot;/home/shoshijak/Documents/CSCS/learning/mycode/runtime/Makefile&quot;  VERBOSE=1 clean" />
            <DistClean command="/usr/bin/make -f &quot;/home/shoshijak/Documents/CSCS/learning/mycode/runtime/Makefile&quot;  VERBOSE=1 clean" />
         </MakeCommands>
      </Target>
      <Target title="explore_runtime_exe">
         <Option output="/home/shoshijak/Documents/CSCS/learning/mycode/runtime/bin/explore_runtime" prefix_auto="0" extension_auto="0" />
         <Option working_dir="bin/" />
         <Option object_output="./" />
         <Option type="1" />
         <Option compiler="gcc" />
         <Compiler>
            <Add option="-DHPX_APPLICATION_NAME=explore_runtime_exe" />
            <Add option="-DHPX_APPLICATION_STRING=&quot;explore_runtime_exe&quot;" />
            <Add option="-DHPX_PREFIX=&quot;/home/shoshijak/Documents/CSCS/hpx-build&quot;" />
            <Add option="-DHPX_APPLICATION_EXPORTS" />
            <Add option="-D_DEBUG" />
            <Add option="-DDEBUG" />
            <Add directory="/home/shoshijak/Documents/CSCS/hpx" />
            <Add directory="/home/shoshijak/Documents/CSCS/hpx-build" />
            <Add directory="/home/shoshijak/Documents/CSCS/hpx/apex/src/apex" />
            <Add directory="/usr/include" />
            <Add directory="/usr/include/c++/5" />
            <Add directory="/usr/include/c++/5/backward" />
            <Add directory="/usr/include/x86_64-linux-gnu" />
            <Add directory="/usr/include/x86_64-linux-gnu/c++/5" />
            <Add directory="/usr/lib/gcc/x86_64-linux-gnu/5/include" />
            <Add directory="/usr/lib/gcc/x86_64-linux-gnu/5/include-fixed" />
            <Add directory="/usr/local/boost_1_63_0" />
            <Add directory="/usr/local/include" />
         </Compiler>
         <MakeCommands>
            <Build command="/usr/bin/make -f &quot;/home/shoshijak/Documents/CSCS/learning/mycode/runtime/Makefile&quot;  VERBOSE=1 explore_runtime_exe" />
            <CompileFile command="/usr/bin/make -f &quot;/home/shoshijak/Documents/CSCS/learning/mycode/runtime/Makefile&quot;  VERBOSE=1 &quot;$file&quot;" />
            <Clean command="/usr/bin/make -f &quot;/home/shoshijak/Documents/CSCS/learning/mycode/runtime/Makefile&quot;  VERBOSE=1 clean" />
            <DistClean command="/usr/bin/make -f &quot;/home/shoshijak/Documents/CSCS/learning/mycode/runtime/Makefile&quot;  VERBOSE=1 clean" />
         </MakeCommands>
      </Target>
      <Target title="explore_runtime_exe/fast">
         <Option output="/home/shoshijak/Documents/CSCS/learning/mycode/runtime/bin/explore_runtime" prefix_auto="0" extension_auto="0" />
         <Option working_dir="bin/" />
         <Option object_output="./" />
         <Option type="1" />
         <Option compiler="gcc" />
         <Compiler>
            <Add option="-DHPX_APPLICATION_NAME=explore_runtime_exe" />
            <Add option="-DHPX_APPLICATION_STRING=&quot;explore_runtime_exe&quot;" />
            <Add option="-DHPX_PREFIX=&quot;/home/shoshijak/Documents/CSCS/hpx-build&quot;" />
            <Add option="-DHPX_APPLICATION_EXPORTS" />
            <Add option="-D_DEBUG" />
            <Add option="-DDEBUG" />
            <Add directory="/home/shoshijak/Documents/CSCS/hpx" />
            <Add directory="/home/shoshijak/Documents/CSCS/hpx-build" />
            <Add directory="/home/shoshijak/Documents/CSCS/hpx/apex/src/apex" />
            <Add directory="/usr/include" />
            <Add directory="/usr/include/c++/5" />
            <Add directory="/usr/include/c++/5/backward" />
            <Add directory="/usr/include/x86_64-linux-gnu" />
            <Add directory="/usr/include/x86_64-linux-gnu/c++/5" />
            <Add directory="/usr/lib/gcc/x86_64-linux-gnu/5/include" />
            <Add directory="/usr/lib/gcc/x86_64-linux-gnu/5/include-fixed" />
            <Add directory="/usr/local/boost_1_63_0" />
            <Add directory="/usr/local/include" />
         </Compiler>
         <MakeCommands>
            <Build command="/usr/bin/make -f &quot;/home/shoshijak/Documents/CSCS/learning/mycode/runtime/Makefile&quot;  VERBOSE=1 explore_runtime_exe/fast" />
            <CompileFile command="/usr/bin/make -f &quot;/home/shoshijak/Documents/CSCS/learning/mycode/runtime/Makefile&quot;  VERBOSE=1 &quot;$file&quot;" />
            <Clean command="/usr/bin/make -f &quot;/home/shoshijak/Documents/CSCS/learning/mycode/runtime/Makefile&quot;  VERBOSE=1 clean" />
            <DistClean command="/usr/bin/make -f &quot;/home/shoshijak/Documents/CSCS/learning/mycode/runtime/Makefile&quot;  VERBOSE=1 clean" />
         </MakeCommands>
      </Target>
      <Target title="install/strip">
         <Option working_dir="/home/shoshijak/Documents/CSCS/learning/mycode/runtime" />
         <Option type="4" />
         <MakeCommands>
            <Build command="/usr/bin/make -f &quot;/home/shoshijak/Documents/CSCS/learning/mycode/runtime/Makefile&quot;  VERBOSE=1 install/strip" />
            <CompileFile command="/usr/bin/make -f &quot;/home/shoshijak/Documents/CSCS/learning/mycode/runtime/Makefile&quot;  VERBOSE=1 &quot;$file&quot;" />
            <Clean command="/usr/bin/make -f &quot;/home/shoshijak/Documents/CSCS/learning/mycode/runtime/Makefile&quot;  VERBOSE=1 clean" />
            <DistClean command="/usr/bin/make -f &quot;/home/shoshijak/Documents/CSCS/learning/mycode/runtime/Makefile&quot;  VERBOSE=1 clean" />
         </MakeCommands>
      </Target>
      <Target title="install/local">
         <Option working_dir="/home/shoshijak/Documents/CSCS/learning/mycode/runtime" />
         <Option type="4" />
         <MakeCommands>
            <Build command="/usr/bin/make -f &quot;/home/shoshijak/Documents/CSCS/learning/mycode/runtime/Makefile&quot;  VERBOSE=1 install/local" />
            <CompileFile command="/usr/bin/make -f &quot;/home/shoshijak/Documents/CSCS/learning/mycode/runtime/Makefile&quot;  VERBOSE=1 &quot;$file&quot;" />
            <Clean command="/usr/bin/make -f &quot;/home/shoshijak/Documents/CSCS/learning/mycode/runtime/Makefile&quot;  VERBOSE=1 clean" />
            <DistClean command="/usr/bin/make -f &quot;/home/shoshijak/Documents/CSCS/learning/mycode/runtime/Makefile&quot;  VERBOSE=1 clean" />
         </MakeCommands>
      </Target>
      <Target title="edit_cache">
         <Option working_dir="/home/shoshijak/Documents/CSCS/learning/mycode/runtime" />
         <Option type="4" />
         <MakeCommands>
            <Build command="/usr/bin/make -f &quot;/home/shoshijak/Documents/CSCS/learning/mycode/runtime/Makefile&quot;  VERBOSE=1 edit_cache" />
            <CompileFile command="/usr/bin/make -f &quot;/home/shoshijak/Documents/CSCS/learning/mycode/runtime/Makefile&quot;  VERBOSE=1 &quot;$file&quot;" />
            <Clean command="/usr/bin/make -f &quot;/home/shoshijak/Documents/CSCS/learning/mycode/runtime/Makefile&quot;  VERBOSE=1 clean" />
            <DistClean command="/usr/bin/make -f &quot;/home/shoshijak/Documents/CSCS/learning/mycode/runtime/Makefile&quot;  VERBOSE=1 clean" />
         </MakeCommands>
      </Target>
      </Build>
      <Unit filename="/home/shoshijak/Documents/CSCS/learning/mycode/runtime/main.cpp">
         <Option target="explore_runtime_exe"/>
      </Unit>
      <Unit filename="/home/shoshijak/Documents/CSCS/learning/mycode/runtime/CMakeLists.txt">
          <Option virtualFolder="CMake Files\" />
      </Unit>
      <Unit filename="/home/shoshijak/Documents/CSCS/learning/mycode/runtime/../../../hpx-build/lib/cmake/HPX/HPXConfigVersion.cmake">
          <Option virtualFolder="CMake Files\..\..\..\hpx-build\lib\cmake\HPX\" />
      </Unit>
      <Unit filename="/home/shoshijak/Documents/CSCS/learning/mycode/runtime/../../../hpx-build/lib/cmake/HPX/HPXConfig.cmake">
          <Option virtualFolder="CMake Files\..\..\..\hpx-build\lib\cmake\HPX\" />
      </Unit>
      <Unit filename="/home/shoshijak/Documents/CSCS/learning/mycode/runtime/../../../hpx-build/lib/cmake/HPX/HPXTargets.cmake">
          <Option virtualFolder="CMake Files\..\..\..\hpx-build\lib\cmake\HPX\" />
      </Unit>
      <Unit filename="/home/shoshijak/Documents/CSCS/learning/mycode/runtime/../../../hpx-build/lib/cmake/HPX/HPXMacros.cmake">
          <Option virtualFolder="CMake Files\..\..\..\hpx-build\lib\cmake\HPX\" />
      </Unit>
      <Unit filename="/home/shoshijak/Documents/CSCS/learning/mycode/runtime/../../../hpx/cmake/HPX_Utils.cmake">
          <Option virtualFolder="CMake Files\..\..\..\hpx\cmake\" />
      </Unit>
      <Unit filename="/home/shoshijak/Documents/CSCS/learning/mycode/runtime/../../../hpx/cmake/HPX_Include.cmake">
          <Option virtualFolder="CMake Files\..\..\..\hpx\cmake\" />
      </Unit>
      <Unit filename="/home/shoshijak/Documents/CSCS/learning/mycode/runtime/../../../hpx/cmake/HPX_Message.cmake">
          <Option virtualFolder="CMake Files\..\..\..\hpx\cmake\" />
      </Unit>
      <Unit filename="/home/shoshijak/Documents/CSCS/learning/mycode/runtime/../../../hpx/cmake/HPX_Option.cmake">
          <Option virtualFolder="CMake Files\..\..\..\hpx\cmake\" />
      </Unit>
      <Unit filename="/home/shoshijak/Documents/CSCS/learning/mycode/runtime/../../../hpx/cmake/HPX_AppendProperty.cmake">
          <Option virtualFolder="CMake Files\..\..\..\hpx\cmake\" />
      </Unit>
      <Unit filename="/home/shoshijak/Documents/CSCS/learning/mycode/runtime/../../../hpx/cmake/HPX_AddCompileFlag.cmake">
          <Option virtualFolder="CMake Files\..\..\..\hpx\cmake\" />
      </Unit>
      <Unit filename="/home/shoshijak/Documents/CSCS/learning/mycode/runtime/../../../hpx/cmake/HPX_AddCompileTest.cmake">
          <Option virtualFolder="CMake Files\..\..\..\hpx\cmake\" />
      </Unit>
      <Unit filename="/home/shoshijak/Documents/CSCS/learning/mycode/runtime/../../../hpx/cmake/HPX_AddLinkFlag.cmake">
          <Option virtualFolder="CMake Files\..\..\..\hpx\cmake\" />
      </Unit>
      <Unit filename="/home/shoshijak/Documents/CSCS/learning/mycode/runtime/../../../hpx/cmake/HPX_AddComponent.cmake">
          <Option virtualFolder="CMake Files\..\..\..\hpx\cmake\" />
      </Unit>
      <Unit filename="/home/shoshijak/Documents/CSCS/learning/mycode/runtime/../../../hpx/cmake/HPX_AddLibrary.cmake">
          <Option virtualFolder="CMake Files\..\..\..\hpx\cmake\" />
      </Unit>
      <Unit filename="/home/shoshijak/Documents/CSCS/learning/mycode/runtime/../../../hpx/cmake/HPX_AddExecutable.cmake">
          <Option virtualFolder="CMake Files\..\..\..\hpx\cmake\" />
      </Unit>
      <Unit filename="/home/shoshijak/Documents/CSCS/learning/mycode/runtime/../../../hpx/cmake/HPX_AddTest.cmake">
          <Option virtualFolder="CMake Files\..\..\..\hpx\cmake\" />
      </Unit>
      <Unit filename="/home/shoshijak/Documents/CSCS/learning/mycode/runtime/../../../hpx/cmake/HPX_AddPseudoDependencies.cmake">
          <Option virtualFolder="CMake Files\..\..\..\hpx\cmake\" />
      </Unit>
      <Unit filename="/home/shoshijak/Documents/CSCS/learning/mycode/runtime/../../../hpx/cmake/HPX_Include.cmake">
          <Option virtualFolder="CMake Files\..\..\..\hpx\cmake\" />
      </Unit>
      <Unit filename="/home/shoshijak/Documents/CSCS/learning/mycode/runtime/../../../hpx/cmake/HPX_Message.cmake">
          <Option virtualFolder="CMake Files\..\..\..\hpx\cmake\" />
      </Unit>
      <Unit filename="/home/shoshijak/Documents/CSCS/learning/mycode/runtime/../../../hpx/cmake/HPX_AddPseudoTarget.cmake">
          <Option virtualFolder="CMake Files\..\..\..\hpx\cmake\" />
      </Unit>
      <Unit filename="/home/shoshijak/Documents/CSCS/learning/mycode/runtime/../../../hpx/cmake/HPX_ShortenPseudoTarget.cmake">
          <Option virtualFolder="CMake Files\..\..\..\hpx\cmake\" />
      </Unit>
      <Unit filename="/home/shoshijak/Documents/CSCS/learning/mycode/runtime/../../../hpx/cmake/HPX_AddLibrarySources.cmake">
          <Option virtualFolder="CMake Files\..\..\..\hpx\cmake\" />
      </Unit>
      <Unit filename="/home/shoshijak/Documents/CSCS/learning/mycode/runtime/../../../hpx/cmake/HPX_AddLibraryHeaders.cmake">
          <Option virtualFolder="CMake Files\..\..\..\hpx\cmake\" />
      </Unit>
      <Unit filename="/home/shoshijak/Documents/CSCS/learning/mycode/runtime/../../../hpx/cmake/HPX_AddSourceGroup.cmake">
          <Option virtualFolder="CMake Files\..\..\..\hpx\cmake\" />
      </Unit>
      <Unit filename="/home/shoshijak/Documents/CSCS/learning/mycode/runtime/../../../hpx/cmake/HPX_ExportTargets.cmake">
          <Option virtualFolder="CMake Files\..\..\..\hpx\cmake\" />
      </Unit>
      <Unit filename="/home/shoshijak/Documents/CSCS/learning/mycode/runtime/../../../hpx/cmake/HPX_IsTarget.cmake">
          <Option virtualFolder="CMake Files\..\..\..\hpx\cmake\" />
      </Unit>
      <Unit filename="/home/shoshijak/Documents/CSCS/learning/mycode/runtime/../../../hpx/cmake/HPX_HandleComponentDependencies.cmake">
          <Option virtualFolder="CMake Files\..\..\..\hpx\cmake\" />
      </Unit>
      <Unit filename="/home/shoshijak/Documents/CSCS/learning/mycode/runtime/../../../hpx/cmake/HPX_ForceOutOfTreeBuild.cmake">
          <Option virtualFolder="CMake Files\..\..\..\hpx\cmake\" />
      </Unit>
      <Unit filename="/home/shoshijak/Documents/CSCS/learning/mycode/runtime/../../../hpx/cmake/HPX_SetLibName.cmake">
          <Option virtualFolder="CMake Files\..\..\..\hpx\cmake\" />
      </Unit>
      <Unit filename="/home/shoshijak/Documents/CSCS/learning/mycode/runtime/../../../hpx/cmake/HPX_SetupTarget.cmake">
          <Option virtualFolder="CMake Files\..\..\..\hpx\cmake\" />
      </Unit>
      <Unit filename="/home/shoshijak/Documents/CSCS/learning/mycode/runtime/../../../hpx/cmake/HPX_SetupAllocator.cmake">
          <Option virtualFolder="CMake Files\..\..\..\hpx\cmake\" />
      </Unit>
   </Project>
</CodeBlocks_project_file>
